
Microsoft Visual Studio Solution File, Format Version 12.00
# Visual Studio 14
VisualStudioVersion = 14.0.25123.0
MinimumVisualStudioVersion = 10.0.40219.1
Project("{FAE04EC0-301F-11D3-BF4B-00C04F79EFBC}") = "MMServer", "MMServer\MMServer.csproj", "{142534D8-92D3-4067-8446-29859BA06DE4}"
EndProject
Project("{FAE04EC0-301F-11D3-BF4B-00C04F79EFBC}") = "MMClient", "MMClient\MMClient.csproj", "{58104BD8-5C49-43C9-8FAD-FB6FF928A289}"
EndProject
Global
	GlobalSection(SolutionConfigurationPlatforms) = preSolution
		Debug|Any CPU = Debug|Any CPU
		Release|Any CPU = Release|Any CPU
	EndGlobalSection
	GlobalSection(ProjectConfigurationPlatforms) = postSolution
		{142534D8-92D3-4067-8446-29859BA06DE4}.Debug|Any CPU.ActiveCfg = Debug|Any CPU
		{142534D8-92D3-4067-8446-29859BA06DE4}.Debug|Any CPU.Build.0 = Debug|Any CPU
		{142534D8-92D3-4067-8446-29859BA06DE4}.Release|Any CPU.ActiveCfg = Release|Any CPU
		{142534D8-92D3-4067-8446-29859BA06DE4}.Release|Any CPU.Build.0 = Release|Any CPU
		{58104BD8-5C49-43C9-8FAD-FB6FF928A289}.Debug|Any CPU.ActiveCfg = Debug|Any CPU
		{58104BD8-5C49-43C9-8FAD-FB6FF928A289}.Debug|Any CPU.Build.0 = Debug|Any CPU
		{58104BD8-5C49-43C9-8FAD-FB6FF928A289}.Release|Any CPU.ActiveCfg = Release|Any CPU
		{58104BD8-5C49-43C9-8FAD-FB6FF928A289}.Release|Any CPU.Build.0 = Release|Any CPU
	EndGlobalSection
	GlobalSection(SolutionProperties) = preSolution
		HideSolutionNode = FALSE
	EndGlobalSection
EndGlobal
